Microsoft Visual Studio Solution File, Format Version 12.00
# Visual Studio 15
VisualStudioVersion = 15.0.26730.10
MinimumVisualStudioVersion = 10.0.40219.1
Project("{F2A71F9B-5D33-465A-A702-920D77279786}") = "Utils", "Utils\Utils.fsproj", "{EF2FA5F1-F4C9-4BE1-91A4-5BF3B2ACBF23}"
EndProject
Project("{F2A71F9B-5D33-465A-A702-920D77279786}") = "HelloWorld", "HelloWorld\HelloWorld.fsproj", "{0BD82791-2F39-4A05-A4EA-8A93B6D284B0}"
EndProject
Project("{F2A71F9B-5D33-465A-A702-920D77279786}") = "BackgroundColor", "BackgroundColor\BackgroundColor.fsproj", "{D6D6BC61-B0E5-4328-A528-D2921AFEA50B}"
EndProject
Project("{F2A71F9B-5D33-465A-A702-920D77279786}") = "AdaptiveWorld", "AdaptiveWorld\AdaptiveWorld.fsproj", "{59CFC593-C251-434B-876A-8105D73C6800}"
EndProject
Project("{F2A71F9B-5D33-465A-A702-920D77279786}") = "Gravity", "Gravity\Gravity.fsproj", "{A04A78F8-FC4C-46CF-A431-1C4A81642193}"
EndProject
Project("{F2A71F9B-5D33-465A-A702-920D77279786}") = "OrthoCamera", "OrthoCamera\OrthoCamera.fsproj", "{0EE6C8A0-62F5-412D-9107-6166919DF7C7}"
EndProject
Project("{F2A71F9B-5D33-465A-A702-920D77279786}") = "SierpinskiTetrahedron", "SierpinskiTetrahedron\SierpinskiTetrahedron.fsproj", "{4D38252C-1AC6-4EE5-B6C3-395C458FF4A5}"
EndProject
Project("{F2A71F9B-5D33-465A-A702-920D77279786}") = "ModelUpdateView", "ModelUpdateView\ModelUpdateView.fsproj", "{33C4A7C3-7DBE-43A8-B204-20627A1083B1}"
EndProject
Global
	GlobalSection(SolutionConfigurationPlatforms) = preSolution
		Debug|Any CPU = Debug|Any CPU
		Release|Any CPU = Release|Any CPU
	EndGlobalSection
	GlobalSection(ProjectConfigurationPlatforms) = postSolution
		{EF2FA5F1-F4C9-4BE1-91A4-5BF3B2ACBF23}.Debug|Any CPU.ActiveCfg = Debug|Any CPU
		{EF2FA5F1-F4C9-4BE1-91A4-5BF3B2ACBF23}.Debug|Any CPU.Build.0 = Debug|Any CPU
		{EF2FA5F1-F4C9-4BE1-91A4-5BF3B2ACBF23}.Release|Any CPU.ActiveCfg = Release|Any CPU
		{EF2FA5F1-F4C9-4BE1-91A4-5BF3B2ACBF23}.Release|Any CPU.Build.0 = Release|Any CPU
		{0BD82791-2F39-4A05-A4EA-8A93B6D284B0}.Debug|Any CPU.ActiveCfg = Debug|Any CPU
		{0BD82791-2F39-4A05-A4EA-8A93B6D284B0}.Debug|Any CPU.Build.0 = Debug|Any CPU
		{0BD82791-2F39-4A05-A4EA-8A93B6D284B0}.Release|Any CPU.ActiveCfg = Release|Any CPU
		{0BD82791-2F39-4A05-A4EA-8A93B6D284B0}.Release|Any CPU.Build.0 = Release|Any CPU
		{D6D6BC61-B0E5-4328-A528-D2921AFEA50B}.Debug|Any CPU.ActiveCfg = Debug|Any CPU
		{D6D6BC61-B0E5-4328-A528-D2921AFEA50B}.Debug|Any CPU.Build.0 = Debug|Any CPU
		{D6D6BC61-B0E5-4328-A528-D2921AFEA50B}.Release|Any CPU.ActiveCfg = Release|Any CPU
		{D6D6BC61-B0E5-4328-A528-D2921AFEA50B}.Release|Any CPU.Build.0 = Release|Any CPU
		{59CFC593-C251-434B-876A-8105D73C6800}.Debug|Any CPU.ActiveCfg = Debug|Any CPU
		{59CFC593-C251-434B-876A-8105D73C6800}.Debug|Any CPU.Build.0 = Debug|Any CPU
		{59CFC593-C251-434B-876A-8105D73C6800}.Release|Any CPU.ActiveCfg = Release|Any CPU
		{59CFC593-C251-434B-876A-8105D73C6800}.Release|Any CPU.Build.0 = Release|Any CPU
		{A04A78F8-FC4C-46CF-A431-1C4A81642193}.Debug|Any CPU.ActiveCfg = Debug|Any CPU
		{A04A78F8-FC4C-46CF-A431-1C4A81642193}.Debug|Any CPU.Build.0 = Debug|Any CPU
		{A04A78F8-FC4C-46CF-A431-1C4A81642193}.Release|Any CPU.ActiveCfg = Release|Any CPU
		{A04A78F8-FC4C-46CF-A431-1C4A81642193}.Release|Any CPU.Build.0 = Release|Any CPU
		{0EE6C8A0-62F5-412D-9107-6166919DF7C7}.Debug|Any CPU.ActiveCfg = Debug|Any CPU
		{0EE6C8A0-62F5-412D-9107-6166919DF7C7}.Debug|Any CPU.Build.0 = Debug|Any CPU
		{0EE6C8A0-62F5-412D-9107-6166919DF7C7}.Release|Any CPU.ActiveCfg = Release|Any CPU
		{0EE6C8A0-62F5-412D-9107-6166919DF7C7}.Release|Any CPU.Build.0 = Release|Any CPU
		{4D38252C-1AC6-4EE5-B6C3-395C458FF4A5}.Debug|Any CPU.ActiveCfg = Debug|Any CPU
		{4D38252C-1AC6-4EE5-B6C3-395C458FF4A5}.Debug|Any CPU.Build.0 = Debug|Any CPU
		{4D38252C-1AC6-4EE5-B6C3-395C458FF4A5}.Release|Any CPU.ActiveCfg = Release|Any CPU
		{4D38252C-1AC6-4EE5-B6C3-395C458FF4A5}.Release|Any CPU.Build.0 = Release|Any CPU
		{33C4A7C3-7DBE-43A8-B204-20627A1083B1}.Debug|Any CPU.ActiveCfg = Debug|Any CPU
		{33C4A7C3-7DBE-43A8-B204-20627A1083B1}.Debug|Any CPU.Build.0 = Debug|Any CPU
		{33C4A7C3-7DBE-43A8-B204-20627A1083B1}.Release|Any CPU.ActiveCfg = Release|Any CPU
		{33C4A7C3-7DBE-43A8-B204-20627A1083B1}.Release|Any CPU.Build.0 = Release|Any CPU
	EndGlobalSection
	GlobalSection(SolutionProperties) = preSolution
		HideSolutionNode = FALSE
	EndGlobalSection
	GlobalSection(ExtensibilityGlobals) = postSolution
		SolutionGuid = {A534AE71-A288-4825-A816-A6991B8EABE6}
	EndGlobalSection
EndGlobal
